
Microsoft Visual Studio Solution File, Format Version 12.00
# Visual Studio 2013
VisualStudioVersion = 12.0.30110.0
MinimumVisualStudioVersion = 10.0.40219.1
Project("{FAE04EC0-301F-11D3-BF4B-00C04F79EFBC}") = "Vnsf.Data.EF", "Vnsf.Data\Vnsf.Data.EF.csproj", "{63DCF4CF-9EB8-4706-BD2C-73FE71BDCC4A}"
EndProject
Project("{FAE04EC0-301F-11D3-BF4B-00C04F79EFBC}") = "Vnsf.Data.Entities", "Vnsf.Data.Entities\Vnsf.Data.Entities.csproj", "{9FA473D8-7A91-484B-9F4F-B9E7D9205BB7}"
EndProject
Project("{FAE04EC0-301F-11D3-BF4B-00C04F79EFBC}") = "Vnsf.Infrastructure", "Vnsf.Infrastructure\Vnsf.Infrastructure.csproj", "{2E741F26-7666-4F93-9847-B9DD53BBD385}"
EndProject
Project("{2150E333-8FDC-42A3-9474-1A3956D46DE8}") = "Data", "Data", "{F1775ED2-94D1-469A-A4AA-09CC6423BD5F}"
EndProject
Project("{2150E333-8FDC-42A3-9474-1A3956D46DE8}") = "Services", "Services", "{9F6EBF33-FFD6-42AA-B0E0-59D03B5B913E}"
EndProject
Project("{FAE04EC0-301F-11D3-BF4B-00C04F79EFBC}") = "Vnsf.Service.Contract", "Vnsf.Service.Contract\Vnsf.Service.Contract.csproj", "{05238916-49B2-4A95-AA91-8AB9CA99E4ED}"
EndProject
Project("{FAE04EC0-301F-11D3-BF4B-00C04F79EFBC}") = "Vnsf.Service.Data", "Vnsf.Service.Data\Vnsf.Service.Data.csproj", "{A490AD47-5FB0-487B-8884-938F0472B404}"
EndProject
Project("{FAE04EC0-301F-11D3-BF4B-00C04F79EFBC}") = "Vnsf.Service.Implementation", "Vnsf.Service.Implementation\Vnsf.Service.Implementation.csproj", "{A7F2E318-30E1-4509-9733-49F13CA1B4A9}"
EndProject
Project("{2150E333-8FDC-42A3-9474-1A3956D46DE8}") = "Infrastructure", "Infrastructure", "{B7491C25-97A8-4279-BC25-81CE0398A851}"
EndProject
Project("{FAE04EC0-301F-11D3-BF4B-00C04F79EFBC}") = "UnitTest", "UnitTest\UnitTest.csproj", "{FBB34360-7E64-4861-97E5-B673943EF166}"
EndProject
Project("{FAE04EC0-301F-11D3-BF4B-00C04F79EFBC}") = "Vnsf.Resource", "Vnsf.Resource\Vnsf.Resource.csproj", "{4B6DE09E-8641-439C-8DB0-9049C9F252B7}"
EndProject
Project("{2150E333-8FDC-42A3-9474-1A3956D46DE8}") = ".nuget", ".nuget", "{3AB26368-2E42-418E-B29C-E284A25B5B20}"
	ProjectSection(SolutionItems) = preProject
		.nuget\NuGet.Config = .nuget\NuGet.Config
		.nuget\NuGet.exe = .nuget\NuGet.exe
		.nuget\NuGet.targets = .nuget\NuGet.targets
	EndProjectSection
EndProject
Project("{FAE04EC0-301F-11D3-BF4B-00C04F79EFBC}") = "Vnsf.Data.Repository", "Vnsf.Data.Repository\Vnsf.Data.Repository.csproj", "{47D5CAFE-0BBD-4520-BBA0-2EE01FD985A4}"
EndProject
Project("{2150E333-8FDC-42A3-9474-1A3956D46DE8}") = "Presentation", "Presentation", "{8FE9F1C1-1266-45FA-AE5D-A8E389FECFBA}"
EndProject
Project("{FAE04EC0-301F-11D3-BF4B-00C04F79EFBC}") = "Vnsf.Service.Common", "Vnsf.Service.Common\Vnsf.Service.Common.csproj", "{0AC5D53E-5395-4255-A8FB-4C99129035E5}"
EndProject
Project("{2150E333-8FDC-42A3-9474-1A3956D46DE8}") = "Tests", "Tests", "{5BE7569F-4D92-4AA1-AB00-C02008088A9A}"
EndProject
Project("{FAE04EC0-301F-11D3-BF4B-00C04F79EFBC}") = "Vnsf.Presentation.Web", "Vnsf.Presentation.Web\Vnsf.Presentation.Web.csproj", "{C0FB7D89-2882-4236-8FFE-95A54EBA97C7}"
EndProject
Project("{F088123C-0E9E-452A-89E6-6BA2F21D5CAC}") = "Vnsf.Architect.UserService", "Vnsf.Architect.UserService\Vnsf.Architect.UserService.modelproj", "{3D9110C6-74BB-44E6-B3E1-BC984995FE05}"
EndProject
Project("{FAE04EC0-301F-11D3-BF4B-00C04F79EFBC}") = "Vnsf.WebHost", "Vnsf.WebHost\Vnsf.WebHost.csproj", "{234D796E-7D77-4F19-BF99-6E031A913B32}"
EndProject
Project("{2150E333-8FDC-42A3-9474-1A3956D46DE8}") = "Solution Items", "Solution Items", "{61949BF5-F65B-4D1F-BC31-03F1D23E73AD}"
	ProjectSection(SolutionItems) = preProject
		Grant.sql = Grant.sql
		WebEssentials-Settings.json = WebEssentials-Settings.json
	EndProjectSection
EndProject
Project("{FAE04EC0-301F-11D3-BF4B-00C04F79EFBC}") = "Vnsf.Anticorruption", "Vnsf.Anticorruption\Vnsf.Anticorruption.csproj", "{B6A47B25-0541-4660-B946-DA605E031FF6}"
EndProject
Global
	GlobalSection(SubversionScc) = preSolution
		Svn-Managed = True
		Manager = AnkhSVN - Subversion Support for Visual Studio
	EndGlobalSection
	GlobalSection(SolutionConfigurationPlatforms) = preSolution
		Debug|Any CPU = Debug|Any CPU
		Release|Any CPU = Release|Any CPU
	EndGlobalSection
	GlobalSection(ProjectConfigurationPlatforms) = postSolution
		{63DCF4CF-9EB8-4706-BD2C-73FE71BDCC4A}.Debug|Any CPU.ActiveCfg = Debug|Any CPU
		{63DCF4CF-9EB8-4706-BD2C-73FE71BDCC4A}.Debug|Any CPU.Build.0 = Debug|Any CPU
		{63DCF4CF-9EB8-4706-BD2C-73FE71BDCC4A}.Release|Any CPU.ActiveCfg = Release|Any CPU
		{63DCF4CF-9EB8-4706-BD2C-73FE71BDCC4A}.Release|Any CPU.Build.0 = Release|Any CPU
		{9FA473D8-7A91-484B-9F4F-B9E7D9205BB7}.Debug|Any CPU.ActiveCfg = Debug|Any CPU
		{9FA473D8-7A91-484B-9F4F-B9E7D9205BB7}.Debug|Any CPU.Build.0 = Debug|Any CPU
		{9FA473D8-7A91-484B-9F4F-B9E7D9205BB7}.Release|Any CPU.ActiveCfg = Release|Any CPU
		{9FA473D8-7A91-484B-9F4F-B9E7D9205BB7}.Release|Any CPU.Build.0 = Release|Any CPU
		{2E741F26-7666-4F93-9847-B9DD53BBD385}.Debug|Any CPU.ActiveCfg = Debug|Any CPU
		{2E741F26-7666-4F93-9847-B9DD53BBD385}.Debug|Any CPU.Build.0 = Debug|Any CPU
		{2E741F26-7666-4F93-9847-B9DD53BBD385}.Release|Any CPU.ActiveCfg = Release|Any CPU
		{2E741F26-7666-4F93-9847-B9DD53BBD385}.Release|Any CPU.Build.0 = Release|Any CPU
		{05238916-49B2-4A95-AA91-8AB9CA99E4ED}.Debug|Any CPU.ActiveCfg = Debug|Any CPU
		{05238916-49B2-4A95-AA91-8AB9CA99E4ED}.Release|Any CPU.ActiveCfg = Release|Any CPU
		{05238916-49B2-4A95-AA91-8AB9CA99E4ED}.Release|Any CPU.Build.0 = Release|Any CPU
		{A490AD47-5FB0-487B-8884-938F0472B404}.Debug|Any CPU.ActiveCfg = Debug|Any CPU
		{A490AD47-5FB0-487B-8884-938F0472B404}.Release|Any CPU.ActiveCfg = Release|Any CPU
		{A490AD47-5FB0-487B-8884-938F0472B404}.Release|Any CPU.Build.0 = Release|Any CPU
		{A7F2E318-30E1-4509-9733-49F13CA1B4A9}.Debug|Any CPU.ActiveCfg = Debug|Any CPU
		{A7F2E318-30E1-4509-9733-49F13CA1B4A9}.Debug|Any CPU.Build.0 = Debug|Any CPU
		{A7F2E318-30E1-4509-9733-49F13CA1B4A9}.Release|Any CPU.ActiveCfg = Release|Any CPU
		{A7F2E318-30E1-4509-9733-49F13CA1B4A9}.Release|Any CPU.Build.0 = Release|Any CPU
		{FBB34360-7E64-4861-97E5-B673943EF166}.Debug|Any CPU.ActiveCfg = Debug|Any CPU
		{FBB34360-7E64-4861-97E5-B673943EF166}.Release|Any CPU.ActiveCfg = Release|Any CPU
		{FBB34360-7E64-4861-97E5-B673943EF166}.Release|Any CPU.Build.0 = Release|Any CPU
		{4B6DE09E-8641-439C-8DB0-9049C9F252B7}.Debug|Any CPU.ActiveCfg = Debug|Any CPU
		{4B6DE09E-8641-439C-8DB0-9049C9F252B7}.Debug|Any CPU.Build.0 = Debug|Any CPU
		{4B6DE09E-8641-439C-8DB0-9049C9F252B7}.Release|Any CPU.ActiveCfg = Release|Any CPU
		{4B6DE09E-8641-439C-8DB0-9049C9F252B7}.Release|Any CPU.Build.0 = Release|Any CPU
		{47D5CAFE-0BBD-4520-BBA0-2EE01FD985A4}.Debug|Any CPU.ActiveCfg = Debug|Any CPU
		{47D5CAFE-0BBD-4520-BBA0-2EE01FD985A4}.Debug|Any CPU.Build.0 = Debug|Any CPU
		{47D5CAFE-0BBD-4520-BBA0-2EE01FD985A4}.Release|Any CPU.ActiveCfg = Release|Any CPU
		{47D5CAFE-0BBD-4520-BBA0-2EE01FD985A4}.Release|Any CPU.Build.0 = Release|Any CPU
		{0AC5D53E-5395-4255-A8FB-4C99129035E5}.Debug|Any CPU.ActiveCfg = Debug|Any CPU
		{0AC5D53E-5395-4255-A8FB-4C99129035E5}.Release|Any CPU.ActiveCfg = Release|Any CPU
		{0AC5D53E-5395-4255-A8FB-4C99129035E5}.Release|Any CPU.Build.0 = Release|Any CPU
		{C0FB7D89-2882-4236-8FFE-95A54EBA97C7}.Debug|Any CPU.ActiveCfg = Debug|Any CPU
		{C0FB7D89-2882-4236-8FFE-95A54EBA97C7}.Debug|Any CPU.Build.0 = Debug|Any CPU
		{C0FB7D89-2882-4236-8FFE-95A54EBA97C7}.Release|Any CPU.ActiveCfg = Release|Any CPU
		{C0FB7D89-2882-4236-8FFE-95A54EBA97C7}.Release|Any CPU.Build.0 = Release|Any CPU
		{3D9110C6-74BB-44E6-B3E1-BC984995FE05}.Debug|Any CPU.ActiveCfg = Debug|Any CPU
		{3D9110C6-74BB-44E6-B3E1-BC984995FE05}.Release|Any CPU.ActiveCfg = Release|Any CPU
		{3D9110C6-74BB-44E6-B3E1-BC984995FE05}.Release|Any CPU.Build.0 = Release|Any CPU
		{234D796E-7D77-4F19-BF99-6E031A913B32}.Debug|Any CPU.ActiveCfg = Debug|Any CPU
		{234D796E-7D77-4F19-BF99-6E031A913B32}.Debug|Any CPU.Build.0 = Debug|Any CPU
		{234D796E-7D77-4F19-BF99-6E031A913B32}.Release|Any CPU.ActiveCfg = Release|Any CPU
		{234D796E-7D77-4F19-BF99-6E031A913B32}.Release|Any CPU.Build.0 = Release|Any CPU
		{B6A47B25-0541-4660-B946-DA605E031FF6}.Debug|Any CPU.ActiveCfg = Debug|Any CPU
		{B6A47B25-0541-4660-B946-DA605E031FF6}.Release|Any CPU.ActiveCfg = Release|Any CPU
		{B6A47B25-0541-4660-B946-DA605E031FF6}.Release|Any CPU.Build.0 = Release|Any CPU
	EndGlobalSection
	GlobalSection(SolutionProperties) = preSolution
		HideSolutionNode = FALSE
	EndGlobalSection
	GlobalSection(NestedProjects) = preSolution
		{9FA473D8-7A91-484B-9F4F-B9E7D9205BB7} = {F1775ED2-94D1-469A-A4AA-09CC6423BD5F}
		{63DCF4CF-9EB8-4706-BD2C-73FE71BDCC4A} = {F1775ED2-94D1-469A-A4AA-09CC6423BD5F}
		{47D5CAFE-0BBD-4520-BBA0-2EE01FD985A4} = {F1775ED2-94D1-469A-A4AA-09CC6423BD5F}
		{B6A47B25-0541-4660-B946-DA605E031FF6} = {F1775ED2-94D1-469A-A4AA-09CC6423BD5F}
		{2E741F26-7666-4F93-9847-B9DD53BBD385} = {B7491C25-97A8-4279-BC25-81CE0398A851}
		{4B6DE09E-8641-439C-8DB0-9049C9F252B7} = {B7491C25-97A8-4279-BC25-81CE0398A851}
		{05238916-49B2-4A95-AA91-8AB9CA99E4ED} = {9F6EBF33-FFD6-42AA-B0E0-59D03B5B913E}
		{A490AD47-5FB0-487B-8884-938F0472B404} = {9F6EBF33-FFD6-42AA-B0E0-59D03B5B913E}
		{A7F2E318-30E1-4509-9733-49F13CA1B4A9} = {9F6EBF33-FFD6-42AA-B0E0-59D03B5B913E}
		{0AC5D53E-5395-4255-A8FB-4C99129035E5} = {9F6EBF33-FFD6-42AA-B0E0-59D03B5B913E}
		{FBB34360-7E64-4861-97E5-B673943EF166} = {5BE7569F-4D92-4AA1-AB00-C02008088A9A}
		{C0FB7D89-2882-4236-8FFE-95A54EBA97C7} = {8FE9F1C1-1266-45FA-AE5D-A8E389FECFBA}
		{234D796E-7D77-4F19-BF99-6E031A913B32} = {8FE9F1C1-1266-45FA-AE5D-A8E389FECFBA}
	EndGlobalSection
EndGlobal
